
Microsoft Visual Studio Solution File, Format Version 12.00
# Visual Studio 2013
VisualStudioVersion = 12.0.30723.0
MinimumVisualStudioVersion = 10.0.40219.1
Project("{FAE04EC0-301F-11D3-BF4B-00C04F79EFBC}") = "Michonne.Tests", "Michonne.Tests\Michonne.Tests.csproj", "{F7D77346-0D41-41E8-8662-A6C2A0654A34}"
EndProject
Project("{FAE04EC0-301F-11D3-BF4B-00C04F79EFBC}") = "Michonne.Interfaces", "Michonne.Interfaces\Michonne.Interfaces.csproj", "{439F8A67-01B7-4109-AAB2-6C0D5B02A0FA}"
EndProject
Project("{2150E333-8FDC-42A3-9474-1A3956D46DE8}") = "Solution Items", "Solution Items", "{A8DBCE1E-186B-4E85-8F39-86BD87EEC592}"
	ProjectSection(SolutionItems) = preProject
		Backlog.md = Backlog.md
		LICENSE.txt = LICENSE.txt
		michonne 2.png = michonne 2.png
		michonne.png = michonne.png
		Performance1.psess = Performance1.psess
		ReadMe.md = ReadMe.md
	EndProjectSection
EndProject
Project("{FAE04EC0-301F-11D3-BF4B-00C04F79EFBC}") = "Michonne.Implementation", "Michonne.Implementation\Michonne.Implementation.csproj", "{76D48E2E-E97D-46D1-81FC-7ABAEA8463AC}"
EndProject
Project("{FAE04EC0-301F-11D3-BF4B-00C04F79EFBC}") = "Michonne.0.1", "Michonne.01\Michonne.0.1.csproj", "{FFDD856B-8600-4516-8F65-8BF460E96214}"
EndProject
Project("{FAE04EC0-301F-11D3-BF4B-00C04F79EFBC}") = "PastaPricer", "PastaPricer\PastaPricer.csproj", "{A4BE2C7F-51CB-4E20-B682-4CA255D6675E}"
	ProjectSection(ProjectDependencies) = postProject
		{76D48E2E-E97D-46D1-81FC-7ABAEA8463AC} = {76D48E2E-E97D-46D1-81FC-7ABAEA8463AC}
		{439F8A67-01B7-4109-AAB2-6C0D5B02A0FA} = {439F8A67-01B7-4109-AAB2-6C0D5B02A0FA}
	EndProjectSection
EndProject
Project("{FAE04EC0-301F-11D3-BF4B-00C04F79EFBC}") = "PastaPricer.Tests", "PastaPricer.Tests\PastaPricer.Tests.csproj", "{8C389710-EE86-49C3-80E8-55CB81F047FF}"
	ProjectSection(ProjectDependencies) = postProject
		{76D48E2E-E97D-46D1-81FC-7ABAEA8463AC} = {76D48E2E-E97D-46D1-81FC-7ABAEA8463AC}
		{439F8A67-01B7-4109-AAB2-6C0D5B02A0FA} = {439F8A67-01B7-4109-AAB2-6C0D5B02A0FA}
	EndProjectSection
EndProject
Project("{2150E333-8FDC-42A3-9474-1A3956D46DE8}") = ".nuget", ".nuget", "{57071A0C-2ED8-4B21-B8A2-F402553281BF}"
	ProjectSection(SolutionItems) = preProject
		.nuget\NuGet.Config = .nuget\NuGet.Config
		.nuget\NuGet.exe = .nuget\NuGet.exe
		.nuget\NuGet.targets = .nuget\NuGet.targets
	EndProjectSection
EndProject
Project("{FAE04EC0-301F-11D3-BF4B-00C04F79EFBC}") = "Michonne.Disruptor", "Michonne.Disruptor\Michonne.Disruptor.csproj", "{30F0FFDA-F4D0-4EC8-8BDA-752F81E011D2}"
EndProject
Project("{2150E333-8FDC-42A3-9474-1A3956D46DE8}") = "Draft Code", "Draft Code", "{6FAF7116-DD10-49A2-B3E7-1A96E4C913CF}"
EndProject
Project("{2150E333-8FDC-42A3-9474-1A3956D46DE8}") = "Pasta Pricer - Demo App", "Pasta Pricer - Demo App", "{08423C9F-F185-408A-B72F-5B339BB1B90C}"
EndProject
Project("{FAE04EC0-301F-11D3-BF4B-00C04F79EFBC}") = "Michonne.01.Tests", "Michonne.01.Tests\Michonne.01.Tests.csproj", "{F7027111-B4D0-4E57-BEDF-789673E43A1D}"
EndProject
Global
	GlobalSection(SolutionConfigurationPlatforms) = preSolution
		Debug|Any CPU = Debug|Any CPU
		Release|Any CPU = Release|Any CPU
	EndGlobalSection
	GlobalSection(ProjectConfigurationPlatforms) = postSolution
		{F7D77346-0D41-41E8-8662-A6C2A0654A34}.Debug|Any CPU.ActiveCfg = Debug|Any CPU
		{F7D77346-0D41-41E8-8662-A6C2A0654A34}.Debug|Any CPU.Build.0 = Debug|Any CPU
		{F7D77346-0D41-41E8-8662-A6C2A0654A34}.Release|Any CPU.ActiveCfg = Release|Any CPU
		{F7D77346-0D41-41E8-8662-A6C2A0654A34}.Release|Any CPU.Build.0 = Release|Any CPU
		{439F8A67-01B7-4109-AAB2-6C0D5B02A0FA}.Debug|Any CPU.ActiveCfg = Debug|Any CPU
		{439F8A67-01B7-4109-AAB2-6C0D5B02A0FA}.Debug|Any CPU.Build.0 = Debug|Any CPU
		{439F8A67-01B7-4109-AAB2-6C0D5B02A0FA}.Release|Any CPU.ActiveCfg = Release|Any CPU
		{439F8A67-01B7-4109-AAB2-6C0D5B02A0FA}.Release|Any CPU.Build.0 = Release|Any CPU
		{76D48E2E-E97D-46D1-81FC-7ABAEA8463AC}.Debug|Any CPU.ActiveCfg = Debug|Any CPU
		{76D48E2E-E97D-46D1-81FC-7ABAEA8463AC}.Debug|Any CPU.Build.0 = Debug|Any CPU
		{76D48E2E-E97D-46D1-81FC-7ABAEA8463AC}.Release|Any CPU.ActiveCfg = Release|Any CPU
		{76D48E2E-E97D-46D1-81FC-7ABAEA8463AC}.Release|Any CPU.Build.0 = Release|Any CPU
		{FFDD856B-8600-4516-8F65-8BF460E96214}.Debug|Any CPU.ActiveCfg = Debug|Any CPU
		{FFDD856B-8600-4516-8F65-8BF460E96214}.Debug|Any CPU.Build.0 = Debug|Any CPU
		{FFDD856B-8600-4516-8F65-8BF460E96214}.Release|Any CPU.ActiveCfg = Release|Any CPU
		{FFDD856B-8600-4516-8F65-8BF460E96214}.Release|Any CPU.Build.0 = Release|Any CPU
		{A4BE2C7F-51CB-4E20-B682-4CA255D6675E}.Debug|Any CPU.ActiveCfg = Debug|Any CPU
		{A4BE2C7F-51CB-4E20-B682-4CA255D6675E}.Debug|Any CPU.Build.0 = Debug|Any CPU
		{A4BE2C7F-51CB-4E20-B682-4CA255D6675E}.Release|Any CPU.ActiveCfg = Release|Any CPU
		{A4BE2C7F-51CB-4E20-B682-4CA255D6675E}.Release|Any CPU.Build.0 = Release|Any CPU
		{8C389710-EE86-49C3-80E8-55CB81F047FF}.Debug|Any CPU.ActiveCfg = Debug|Any CPU
		{8C389710-EE86-49C3-80E8-55CB81F047FF}.Debug|Any CPU.Build.0 = Debug|Any CPU
		{8C389710-EE86-49C3-80E8-55CB81F047FF}.Release|Any CPU.ActiveCfg = Release|Any CPU
		{8C389710-EE86-49C3-80E8-55CB81F047FF}.Release|Any CPU.Build.0 = Release|Any CPU
		{30F0FFDA-F4D0-4EC8-8BDA-752F81E011D2}.Debug|Any CPU.ActiveCfg = Debug|Any CPU
		{30F0FFDA-F4D0-4EC8-8BDA-752F81E011D2}.Debug|Any CPU.Build.0 = Debug|Any CPU
		{30F0FFDA-F4D0-4EC8-8BDA-752F81E011D2}.Release|Any CPU.ActiveCfg = Release|Any CPU
		{30F0FFDA-F4D0-4EC8-8BDA-752F81E011D2}.Release|Any CPU.Build.0 = Release|Any CPU
		{F7027111-B4D0-4E57-BEDF-789673E43A1D}.Debug|Any CPU.ActiveCfg = Debug|Any CPU
		{F7027111-B4D0-4E57-BEDF-789673E43A1D}.Debug|Any CPU.Build.0 = Debug|Any CPU
		{F7027111-B4D0-4E57-BEDF-789673E43A1D}.Release|Any CPU.ActiveCfg = Release|Any CPU
		{F7027111-B4D0-4E57-BEDF-789673E43A1D}.Release|Any CPU.Build.0 = Release|Any CPU
	EndGlobalSection
	GlobalSection(SolutionProperties) = preSolution
		HideSolutionNode = FALSE
	EndGlobalSection
	GlobalSection(NestedProjects) = preSolution
		{FFDD856B-8600-4516-8F65-8BF460E96214} = {6FAF7116-DD10-49A2-B3E7-1A96E4C913CF}
		{A4BE2C7F-51CB-4E20-B682-4CA255D6675E} = {08423C9F-F185-408A-B72F-5B339BB1B90C}
		{8C389710-EE86-49C3-80E8-55CB81F047FF} = {08423C9F-F185-408A-B72F-5B339BB1B90C}
		{30F0FFDA-F4D0-4EC8-8BDA-752F81E011D2} = {6FAF7116-DD10-49A2-B3E7-1A96E4C913CF}
		{F7027111-B4D0-4E57-BEDF-789673E43A1D} = {6FAF7116-DD10-49A2-B3E7-1A96E4C913CF}
	EndGlobalSection
	GlobalSection(Performance) = preSolution
		HasPerformanceSessions = true
	EndGlobalSection
EndGlobal
