
Microsoft Visual Studio Solution File, Format Version 12.00
# Visual Studio 15
VisualStudioVersion = 15.0.26730.16
MinimumVisualStudioVersion = 10.0.40219.1
Project("{2150E333-8FDC-42A3-9474-1A3956D46DE8}") = ".Solution Items", ".Solution Items", "{A8DBCE1E-186B-4E85-8F39-86BD87EEC592}"
	ProjectSection(SolutionItems) = preProject
		..\appveyor.yml = ..\appveyor.yml
		..\Backlog.md = ..\Backlog.md
		..\build.cmd = ..\build.cmd
		..\CI.cmd = ..\CI.cmd
		..\codecov.yml = ..\codecov.yml
		..\LICENSE.txt = ..\LICENSE.txt
		..\michonne 2.png = ..\michonne 2.png
		Michonne.nuspec = Michonne.nuspec
		..\michonne.png = ..\michonne.png
		..\Nightly.cmd = ..\Nightly.cmd
		..\ReadMe.md = ..\ReadMe.md
		ReleaseNoteContentToBeInsertedWithinNuspecFile.txt = ReleaseNoteContentToBeInsertedWithinNuspecFile.txt
		ReleaseNotes.md = ReleaseNotes.md
		Version.cs = Version.cs
	EndProjectSection
EndProject
Project("{2150E333-8FDC-42A3-9474-1A3956D46DE8}") = "Draft Code", "Draft Code", "{6FAF7116-DD10-49A2-B3E7-1A96E4C913CF}"
EndProject
Project("{2150E333-8FDC-42A3-9474-1A3956D46DE8}") = "Pasta Pricer - Demo App", "Pasta Pricer - Demo App", "{08423C9F-F185-408A-B72F-5B339BB1B90C}"
EndProject
Project("{2150E333-8FDC-42A3-9474-1A3956D46DE8}") = "Michonne assemblies", "Michonne assemblies", "{28E1D32F-9C0B-4E14-BA8C-5DDE2D6CF705}"
EndProject
Project("{FAE04EC0-301F-11D3-BF4B-00C04F79EFBC}") = "Michonne.Tests.45", "Tests\Michonne.Tests.45\Michonne.Tests.45.csproj", "{F7D77346-0D41-41E8-8662-A6C2A0654A34}"
EndProject
Project("{FAE04EC0-301F-11D3-BF4B-00C04F79EFBC}") = "Michonne.Interfaces.45", "Michonne.Assemblies\Michonne.Interfaces.45\Michonne.Interfaces.45.csproj", "{439F8A67-01B7-4109-AAB2-6C0D5B02A0FA}"
EndProject
Project("{FAE04EC0-301F-11D3-BF4B-00C04F79EFBC}") = "Michonne.Implementation.45", "Michonne.Assemblies\Michonne.Implementation.45\Michonne.Implementation.45.csproj", "{76D48E2E-E97D-46D1-81FC-7ABAEA8463AC}"
EndProject
Project("{FAE04EC0-301F-11D3-BF4B-00C04F79EFBC}") = "Michonne.0.1", "Michonne.01\Michonne.0.1.csproj", "{FFDD856B-8600-4516-8F65-8BF460E96214}"
EndProject
Project("{FAE04EC0-301F-11D3-BF4B-00C04F79EFBC}") = "PastaPricer", "PastaPricer\PastaPricer.csproj", "{A4BE2C7F-51CB-4E20-B682-4CA255D6675E}"
	ProjectSection(ProjectDependencies) = postProject
		{76D48E2E-E97D-46D1-81FC-7ABAEA8463AC} = {76D48E2E-E97D-46D1-81FC-7ABAEA8463AC}
		{439F8A67-01B7-4109-AAB2-6C0D5B02A0FA} = {439F8A67-01B7-4109-AAB2-6C0D5B02A0FA}
	EndProjectSection
EndProject
Project("{FAE04EC0-301F-11D3-BF4B-00C04F79EFBC}") = "PastaPricer.Tests", "PastaPricer.Tests\PastaPricer.Tests.csproj", "{8C389710-EE86-49C3-80E8-55CB81F047FF}"
	ProjectSection(ProjectDependencies) = postProject
		{76D48E2E-E97D-46D1-81FC-7ABAEA8463AC} = {76D48E2E-E97D-46D1-81FC-7ABAEA8463AC}
		{439F8A67-01B7-4109-AAB2-6C0D5B02A0FA} = {439F8A67-01B7-4109-AAB2-6C0D5B02A0FA}
	EndProjectSection
EndProject
Project("{FAE04EC0-301F-11D3-BF4B-00C04F79EFBC}") = "Michonne.01.Tests", "Michonne.01.Tests\Michonne.01.Tests.csproj", "{F7027111-B4D0-4E57-BEDF-789673E43A1D}"
EndProject
Project("{2150E333-8FDC-42A3-9474-1A3956D46DE8}") = "Build", "Build", "{208C2A78-6B8B-48A8-873D-501D8DBE202A}"
	ProjectSection(SolutionItems) = preProject
		.build\Build.proj = .build\Build.proj
		.build\Build.tasks = .build\Build.tasks
		Michonne.nuspec = Michonne.nuspec
		Version.cs = Version.cs
	EndProjectSection
EndProject
Project("{9A19103F-16F7-4668-BE54-9A1E7A4F7556}") = "Michonne.Implementation.Standard", "Michonne.Assemblies\Michonne.Implementation.Standard\Michonne.Implementation.Standard.csproj", "{72BABC4F-2F9E-4891-8CDE-F7542F805A44}"
EndProject
Project("{9A19103F-16F7-4668-BE54-9A1E7A4F7556}") = "Michonne.Interfaces.Standard", "Michonne.Assemblies\Michonne.Interfaces.Standard\Michonne.Interfaces.Standard.csproj", "{F1CE45FD-A927-4FA2-B7BC-BA72C7C91378}"
EndProject
Project("{2150E333-8FDC-42A3-9474-1A3956D46DE8}") = "Tests", "Tests", "{55A585FD-6B2B-42CD-83FC-44A8B0E1CC9B}"
EndProject
Project("{2150E333-8FDC-42A3-9474-1A3956D46DE8}") = "Src", "Src", "{44FBE7D5-1F28-49AF-ADA0-444188F92559}"
EndProject
Project("{D954291E-2A0B-460D-934E-DC6B0785DB48}") = "Michonne.Sources.Implementation", "Michonne.Sources\Michonne.Sources.Implementation.shproj", "{121C0900-AACF-41A8-91DC-1B933206B990}"
EndProject
Project("{D954291E-2A0B-460D-934E-DC6B0785DB48}") = "Michonne.Sources.Interfaces", "Michonne.Sources.Interfaces\Michonne.Sources.Interfaces.shproj", "{B6047ABD-5132-4F8E-9DD4-E759B8AED5C4}"
EndProject
Project("{FAE04EC0-301F-11D3-BF4B-00C04F79EFBC}") = "Michonne.Implementation.20", "Michonne.Assemblies\Michonne.Implementation.20\Michonne.Implementation.20.csproj", "{2241E481-A708-4F08-A85E-3BD24D878097}"
EndProject
Project("{FAE04EC0-301F-11D3-BF4B-00C04F79EFBC}") = "Michonne.Interfaces.20", "Michonne.Assemblies\Michonne.Interfaces.20\Michonne.Interfaces.20.csproj", "{00E71163-7247-47E0-A30A-B5819948AED7}"
EndProject
Project("{FAE04EC0-301F-11D3-BF4B-00C04F79EFBC}") = "Michonne.Implementation.30", "Michonne.Assemblies\Michonne.Implementation.30\Michonne.Implementation.30.csproj", "{F152B0BF-7EA0-44D5-B026-987D6312A7BD}"
EndProject
Project("{FAE04EC0-301F-11D3-BF4B-00C04F79EFBC}") = "Michonne.Interfaces.30", "Michonne.Assemblies\Michonne.Interfaces.30\Michonne.Interfaces.30.csproj", "{B6ECB409-D38A-46E6-B88F-977DC91B5AEC}"
EndProject
Project("{FAE04EC0-301F-11D3-BF4B-00C04F79EFBC}") = "Michonne.Interfaces.35", "Michonne.Assemblies\Michonne.Interfaces.35\Michonne.Interfaces.35.csproj", "{61737DD3-8D76-4314-825C-F57924148E4D}"
EndProject
Project("{FAE04EC0-301F-11D3-BF4B-00C04F79EFBC}") = "Michonne.Implementation.35", "Michonne.Assemblies\Michonne.Implementation.35\Michonne.Implementation.35.csproj", "{9F504831-4236-40C1-83FC-55A0878870CE}"
EndProject
Project("{FAE04EC0-301F-11D3-BF4B-00C04F79EFBC}") = "Michonne.Interfaces.40", "Michonne.Assemblies\Michonne.Interfaces.40\Michonne.Interfaces.40.csproj", "{CCF60BC4-C070-4431-A4C3-8BF75B4484C8}"
EndProject
Project("{FAE04EC0-301F-11D3-BF4B-00C04F79EFBC}") = "Michonne.Implementation.40", "Michonne.Assemblies\Michonne.Implementation.40\Michonne.Implementation.40.csproj", "{226A0A4F-F995-47DF-9523-4AA153252C18}"
EndProject
Project("{D954291E-2A0B-460D-934E-DC6B0785DB48}") = "Michonne.Sources.Tests", "Tests\Michonne.Sources.Tests\Michonne.Sources.Tests.shproj", "{5E8F0AFF-AE37-4876-AAC0-D1EC1C513069}"
EndProject
Project("{FAE04EC0-301F-11D3-BF4B-00C04F79EFBC}") = "Michonne.Tests.35", "Tests\Michonne.Tests.35\Michonne.Tests.35.csproj", "{BD356126-80A8-4BAE-805C-5F5F24485A8F}"
EndProject
Project("{FAE04EC0-301F-11D3-BF4B-00C04F79EFBC}") = "Michonne.Tests.40", "Tests\Michonne.Tests.40\Michonne.Tests.40.csproj", "{4995A042-5A56-4BA8-BDE8-A860C690DBF3}"
EndProject
Project("{9A19103F-16F7-4668-BE54-9A1E7A4F7556}") = "Michonne.Tests.Core", "Tests\Michonne.Tests.Core\Michonne.Tests.Core.csproj", "{FC73C667-DBD3-4BC8-A18D-782CCE801AF1}"
EndProject
Project("{FAE04EC0-301F-11D3-BF4B-00C04F79EFBC}") = "Michonne.Tests.20", "Tests\Michonne.Tests.20\Michonne.Tests.20.csproj", "{861BF70E-F339-4C39-985F-7181BD967995}"
EndProject
Project("{FAE04EC0-301F-11D3-BF4B-00C04F79EFBC}") = "Michonne.Tests.30", "Tests\Michonne.Tests.30\Michonne.Tests.30.csproj", "{0EE4D2BC-6056-4AA2-9C8C-611283F4993A}"
EndProject
Global
	GlobalSection(SharedMSBuildProjectFiles) = preSolution
		Michonne.Sources.Interfaces\Michonne.Sources.Interfaces.projitems*{00e71163-7247-47e0-a30a-b5819948aed7}*SharedItemsImports = 4
		Tests\Michonne.Sources.Tests\Michonne.Sources.Tests.projitems*{0ee4d2bc-6056-4aa2-9c8c-611283f4993a}*SharedItemsImports = 4
		Michonne.Sources\Michone.Sources.projitems*{121c0900-aacf-41a8-91dc-1b933206b990}*SharedItemsImports = 13
		Michonne.Sources\Michone.Sources.projitems*{2241e481-a708-4f08-a85e-3bd24d878097}*SharedItemsImports = 4
		Michonne.Sources\Michone.Sources.projitems*{226a0a4f-f995-47df-9523-4aa153252c18}*SharedItemsImports = 4
		Michonne.Sources.Interfaces\Michonne.Sources.Interfaces.projitems*{439f8a67-01b7-4109-aab2-6c0d5b02a0fa}*SharedItemsImports = 4
		Tests\Michonne.Sources.Tests\Michonne.Sources.Tests.projitems*{4995a042-5a56-4ba8-bde8-a860c690dbf3}*SharedItemsImports = 4
		Tests\Michonne.Sources.Tests\Michonne.Sources.Tests.projitems*{5e8f0aff-ae37-4876-aac0-d1ec1c513069}*SharedItemsImports = 13
		Michonne.Sources.Interfaces\Michonne.Sources.Interfaces.projitems*{61737dd3-8d76-4314-825c-f57924148e4d}*SharedItemsImports = 4
		Michonne.Sources\Michone.Sources.projitems*{76d48e2e-e97d-46d1-81fc-7abaea8463ac}*SharedItemsImports = 4
		Tests\Michonne.Sources.Tests\Michonne.Sources.Tests.projitems*{861bf70e-f339-4c39-985f-7181bd967995}*SharedItemsImports = 4
		Michonne.Sources\Michone.Sources.projitems*{9f504831-4236-40c1-83fc-55a0878870ce}*SharedItemsImports = 4
		Michonne.Sources.Interfaces\Michonne.Sources.Interfaces.projitems*{b6047abd-5132-4f8e-9dd4-e759b8aed5c4}*SharedItemsImports = 13
		Michonne.Sources.Interfaces\Michonne.Sources.Interfaces.projitems*{b6ecb409-d38a-46e6-b88f-977dc91b5aec}*SharedItemsImports = 4
		Tests\Michonne.Sources.Tests\Michonne.Sources.Tests.projitems*{bd356126-80a8-4bae-805c-5f5f24485a8f}*SharedItemsImports = 4
		Michonne.Sources.Interfaces\Michonne.Sources.Interfaces.projitems*{ccf60bc4-c070-4431-a4c3-8bf75b4484c8}*SharedItemsImports = 4
		Michonne.Sources\Michone.Sources.projitems*{f152b0bf-7ea0-44d5-b026-987d6312a7bd}*SharedItemsImports = 4
		Tests\Michonne.Sources.Tests\Michonne.Sources.Tests.projitems*{f7d77346-0d41-41e8-8662-a6c2a0654a34}*SharedItemsImports = 4
	EndGlobalSection
	GlobalSection(SolutionConfigurationPlatforms) = preSolution
		Debug|Any CPU = Debug|Any CPU
		Release|Any CPU = Release|Any CPU
	EndGlobalSection
	GlobalSection(ProjectConfigurationPlatforms) = postSolution
		{F7D77346-0D41-41E8-8662-A6C2A0654A34}.Debug|Any CPU.ActiveCfg = Debug|Any CPU
		{F7D77346-0D41-41E8-8662-A6C2A0654A34}.Debug|Any CPU.Build.0 = Debug|Any CPU
		{F7D77346-0D41-41E8-8662-A6C2A0654A34}.Release|Any CPU.ActiveCfg = Release|Any CPU
		{F7D77346-0D41-41E8-8662-A6C2A0654A34}.Release|Any CPU.Build.0 = Release|Any CPU
		{439F8A67-01B7-4109-AAB2-6C0D5B02A0FA}.Debug|Any CPU.ActiveCfg = Debug|Any CPU
		{439F8A67-01B7-4109-AAB2-6C0D5B02A0FA}.Debug|Any CPU.Build.0 = Debug|Any CPU
		{439F8A67-01B7-4109-AAB2-6C0D5B02A0FA}.Release|Any CPU.ActiveCfg = Release|Any CPU
		{439F8A67-01B7-4109-AAB2-6C0D5B02A0FA}.Release|Any CPU.Build.0 = Release|Any CPU
		{76D48E2E-E97D-46D1-81FC-7ABAEA8463AC}.Debug|Any CPU.ActiveCfg = Release|Any CPU
		{76D48E2E-E97D-46D1-81FC-7ABAEA8463AC}.Debug|Any CPU.Build.0 = Release|Any CPU
		{76D48E2E-E97D-46D1-81FC-7ABAEA8463AC}.Release|Any CPU.ActiveCfg = Release|Any CPU
		{76D48E2E-E97D-46D1-81FC-7ABAEA8463AC}.Release|Any CPU.Build.0 = Release|Any CPU
		{FFDD856B-8600-4516-8F65-8BF460E96214}.Debug|Any CPU.ActiveCfg = Debug|Any CPU
		{FFDD856B-8600-4516-8F65-8BF460E96214}.Debug|Any CPU.Build.0 = Debug|Any CPU
		{FFDD856B-8600-4516-8F65-8BF460E96214}.Release|Any CPU.ActiveCfg = Release|Any CPU
		{FFDD856B-8600-4516-8F65-8BF460E96214}.Release|Any CPU.Build.0 = Release|Any CPU
		{A4BE2C7F-51CB-4E20-B682-4CA255D6675E}.Debug|Any CPU.ActiveCfg = Debug|Any CPU
		{A4BE2C7F-51CB-4E20-B682-4CA255D6675E}.Debug|Any CPU.Build.0 = Debug|Any CPU
		{A4BE2C7F-51CB-4E20-B682-4CA255D6675E}.Release|Any CPU.ActiveCfg = Release|Any CPU
		{A4BE2C7F-51CB-4E20-B682-4CA255D6675E}.Release|Any CPU.Build.0 = Release|Any CPU
		{8C389710-EE86-49C3-80E8-55CB81F047FF}.Debug|Any CPU.ActiveCfg = Debug|Any CPU
		{8C389710-EE86-49C3-80E8-55CB81F047FF}.Debug|Any CPU.Build.0 = Debug|Any CPU
		{8C389710-EE86-49C3-80E8-55CB81F047FF}.Release|Any CPU.ActiveCfg = Release|Any CPU
		{8C389710-EE86-49C3-80E8-55CB81F047FF}.Release|Any CPU.Build.0 = Release|Any CPU
		{F7027111-B4D0-4E57-BEDF-789673E43A1D}.Debug|Any CPU.ActiveCfg = Debug|Any CPU
		{F7027111-B4D0-4E57-BEDF-789673E43A1D}.Debug|Any CPU.Build.0 = Debug|Any CPU
		{F7027111-B4D0-4E57-BEDF-789673E43A1D}.Release|Any CPU.ActiveCfg = Release|Any CPU
		{F7027111-B4D0-4E57-BEDF-789673E43A1D}.Release|Any CPU.Build.0 = Release|Any CPU
		{72BABC4F-2F9E-4891-8CDE-F7542F805A44}.Debug|Any CPU.ActiveCfg = Debug|Any CPU
		{72BABC4F-2F9E-4891-8CDE-F7542F805A44}.Debug|Any CPU.Build.0 = Debug|Any CPU
		{72BABC4F-2F9E-4891-8CDE-F7542F805A44}.Release|Any CPU.ActiveCfg = Release|Any CPU
		{72BABC4F-2F9E-4891-8CDE-F7542F805A44}.Release|Any CPU.Build.0 = Release|Any CPU
		{F1CE45FD-A927-4FA2-B7BC-BA72C7C91378}.Debug|Any CPU.ActiveCfg = Debug|Any CPU
		{F1CE45FD-A927-4FA2-B7BC-BA72C7C91378}.Debug|Any CPU.Build.0 = Debug|Any CPU
		{F1CE45FD-A927-4FA2-B7BC-BA72C7C91378}.Release|Any CPU.ActiveCfg = Release|Any CPU
		{F1CE45FD-A927-4FA2-B7BC-BA72C7C91378}.Release|Any CPU.Build.0 = Release|Any CPU
		{2241E481-A708-4F08-A85E-3BD24D878097}.Debug|Any CPU.ActiveCfg = Debug|Any CPU
		{2241E481-A708-4F08-A85E-3BD24D878097}.Debug|Any CPU.Build.0 = Debug|Any CPU
		{2241E481-A708-4F08-A85E-3BD24D878097}.Release|Any CPU.ActiveCfg = Release|Any CPU
		{2241E481-A708-4F08-A85E-3BD24D878097}.Release|Any CPU.Build.0 = Release|Any CPU
		{00E71163-7247-47E0-A30A-B5819948AED7}.Debug|Any CPU.ActiveCfg = Debug|Any CPU
		{00E71163-7247-47E0-A30A-B5819948AED7}.Debug|Any CPU.Build.0 = Debug|Any CPU
		{00E71163-7247-47E0-A30A-B5819948AED7}.Release|Any CPU.ActiveCfg = Release|Any CPU
		{00E71163-7247-47E0-A30A-B5819948AED7}.Release|Any CPU.Build.0 = Release|Any CPU
		{F152B0BF-7EA0-44D5-B026-987D6312A7BD}.Debug|Any CPU.ActiveCfg = Debug|Any CPU
		{F152B0BF-7EA0-44D5-B026-987D6312A7BD}.Debug|Any CPU.Build.0 = Debug|Any CPU
		{F152B0BF-7EA0-44D5-B026-987D6312A7BD}.Release|Any CPU.ActiveCfg = Release|Any CPU
		{F152B0BF-7EA0-44D5-B026-987D6312A7BD}.Release|Any CPU.Build.0 = Release|Any CPU
		{B6ECB409-D38A-46E6-B88F-977DC91B5AEC}.Debug|Any CPU.ActiveCfg = Debug|Any CPU
		{B6ECB409-D38A-46E6-B88F-977DC91B5AEC}.Debug|Any CPU.Build.0 = Debug|Any CPU
		{B6ECB409-D38A-46E6-B88F-977DC91B5AEC}.Release|Any CPU.ActiveCfg = Release|Any CPU
		{B6ECB409-D38A-46E6-B88F-977DC91B5AEC}.Release|Any CPU.Build.0 = Release|Any CPU
		{61737DD3-8D76-4314-825C-F57924148E4D}.Debug|Any CPU.ActiveCfg = Debug|Any CPU
		{61737DD3-8D76-4314-825C-F57924148E4D}.Debug|Any CPU.Build.0 = Debug|Any CPU
		{61737DD3-8D76-4314-825C-F57924148E4D}.Release|Any CPU.ActiveCfg = Release|Any CPU
		{61737DD3-8D76-4314-825C-F57924148E4D}.Release|Any CPU.Build.0 = Release|Any CPU
		{9F504831-4236-40C1-83FC-55A0878870CE}.Debug|Any CPU.ActiveCfg = Debug|Any CPU
		{9F504831-4236-40C1-83FC-55A0878870CE}.Debug|Any CPU.Build.0 = Debug|Any CPU
		{9F504831-4236-40C1-83FC-55A0878870CE}.Release|Any CPU.ActiveCfg = Release|Any CPU
		{9F504831-4236-40C1-83FC-55A0878870CE}.Release|Any CPU.Build.0 = Release|Any CPU
		{CCF60BC4-C070-4431-A4C3-8BF75B4484C8}.Debug|Any CPU.ActiveCfg = Debug|Any CPU
		{CCF60BC4-C070-4431-A4C3-8BF75B4484C8}.Debug|Any CPU.Build.0 = Debug|Any CPU
		{CCF60BC4-C070-4431-A4C3-8BF75B4484C8}.Release|Any CPU.ActiveCfg = Release|Any CPU
		{CCF60BC4-C070-4431-A4C3-8BF75B4484C8}.Release|Any CPU.Build.0 = Release|Any CPU
		{226A0A4F-F995-47DF-9523-4AA153252C18}.Debug|Any CPU.ActiveCfg = Debug|Any CPU
		{226A0A4F-F995-47DF-9523-4AA153252C18}.Debug|Any CPU.Build.0 = Debug|Any CPU
		{226A0A4F-F995-47DF-9523-4AA153252C18}.Release|Any CPU.ActiveCfg = Release|Any CPU
		{226A0A4F-F995-47DF-9523-4AA153252C18}.Release|Any CPU.Build.0 = Release|Any CPU
		{BD356126-80A8-4BAE-805C-5F5F24485A8F}.Debug|Any CPU.ActiveCfg = Debug|Any CPU
		{BD356126-80A8-4BAE-805C-5F5F24485A8F}.Debug|Any CPU.Build.0 = Debug|Any CPU
		{BD356126-80A8-4BAE-805C-5F5F24485A8F}.Release|Any CPU.ActiveCfg = Release|Any CPU
		{BD356126-80A8-4BAE-805C-5F5F24485A8F}.Release|Any CPU.Build.0 = Release|Any CPU
		{4995A042-5A56-4BA8-BDE8-A860C690DBF3}.Debug|Any CPU.ActiveCfg = Debug|Any CPU
		{4995A042-5A56-4BA8-BDE8-A860C690DBF3}.Debug|Any CPU.Build.0 = Debug|Any CPU
		{4995A042-5A56-4BA8-BDE8-A860C690DBF3}.Release|Any CPU.ActiveCfg = Release|Any CPU
		{4995A042-5A56-4BA8-BDE8-A860C690DBF3}.Release|Any CPU.Build.0 = Release|Any CPU
		{FC73C667-DBD3-4BC8-A18D-782CCE801AF1}.Debug|Any CPU.ActiveCfg = Debug|Any CPU
		{FC73C667-DBD3-4BC8-A18D-782CCE801AF1}.Debug|Any CPU.Build.0 = Debug|Any CPU
		{FC73C667-DBD3-4BC8-A18D-782CCE801AF1}.Release|Any CPU.ActiveCfg = Release|Any CPU
		{FC73C667-DBD3-4BC8-A18D-782CCE801AF1}.Release|Any CPU.Build.0 = Release|Any CPU
		{861BF70E-F339-4C39-985F-7181BD967995}.Debug|Any CPU.ActiveCfg = Debug|Any CPU
		{861BF70E-F339-4C39-985F-7181BD967995}.Debug|Any CPU.Build.0 = Debug|Any CPU
		{861BF70E-F339-4C39-985F-7181BD967995}.Release|Any CPU.ActiveCfg = Release|Any CPU
		{861BF70E-F339-4C39-985F-7181BD967995}.Release|Any CPU.Build.0 = Release|Any CPU
		{0EE4D2BC-6056-4AA2-9C8C-611283F4993A}.Debug|Any CPU.ActiveCfg = Debug|Any CPU
		{0EE4D2BC-6056-4AA2-9C8C-611283F4993A}.Debug|Any CPU.Build.0 = Debug|Any CPU
		{0EE4D2BC-6056-4AA2-9C8C-611283F4993A}.Release|Any CPU.ActiveCfg = Release|Any CPU
		{0EE4D2BC-6056-4AA2-9C8C-611283F4993A}.Release|Any CPU.Build.0 = Release|Any CPU
	EndGlobalSection
	GlobalSection(SolutionProperties) = preSolution
		HideSolutionNode = FALSE
	EndGlobalSection
	GlobalSection(NestedProjects) = preSolution
		{F7D77346-0D41-41E8-8662-A6C2A0654A34} = {55A585FD-6B2B-42CD-83FC-44A8B0E1CC9B}
		{439F8A67-01B7-4109-AAB2-6C0D5B02A0FA} = {28E1D32F-9C0B-4E14-BA8C-5DDE2D6CF705}
		{76D48E2E-E97D-46D1-81FC-7ABAEA8463AC} = {28E1D32F-9C0B-4E14-BA8C-5DDE2D6CF705}
		{FFDD856B-8600-4516-8F65-8BF460E96214} = {6FAF7116-DD10-49A2-B3E7-1A96E4C913CF}
		{A4BE2C7F-51CB-4E20-B682-4CA255D6675E} = {08423C9F-F185-408A-B72F-5B339BB1B90C}
		{8C389710-EE86-49C3-80E8-55CB81F047FF} = {08423C9F-F185-408A-B72F-5B339BB1B90C}
		{F7027111-B4D0-4E57-BEDF-789673E43A1D} = {6FAF7116-DD10-49A2-B3E7-1A96E4C913CF}
		{72BABC4F-2F9E-4891-8CDE-F7542F805A44} = {28E1D32F-9C0B-4E14-BA8C-5DDE2D6CF705}
		{F1CE45FD-A927-4FA2-B7BC-BA72C7C91378} = {28E1D32F-9C0B-4E14-BA8C-5DDE2D6CF705}
		{121C0900-AACF-41A8-91DC-1B933206B990} = {44FBE7D5-1F28-49AF-ADA0-444188F92559}
		{B6047ABD-5132-4F8E-9DD4-E759B8AED5C4} = {44FBE7D5-1F28-49AF-ADA0-444188F92559}
		{2241E481-A708-4F08-A85E-3BD24D878097} = {28E1D32F-9C0B-4E14-BA8C-5DDE2D6CF705}
		{00E71163-7247-47E0-A30A-B5819948AED7} = {28E1D32F-9C0B-4E14-BA8C-5DDE2D6CF705}
		{F152B0BF-7EA0-44D5-B026-987D6312A7BD} = {28E1D32F-9C0B-4E14-BA8C-5DDE2D6CF705}
		{B6ECB409-D38A-46E6-B88F-977DC91B5AEC} = {28E1D32F-9C0B-4E14-BA8C-5DDE2D6CF705}
		{61737DD3-8D76-4314-825C-F57924148E4D} = {28E1D32F-9C0B-4E14-BA8C-5DDE2D6CF705}
		{9F504831-4236-40C1-83FC-55A0878870CE} = {28E1D32F-9C0B-4E14-BA8C-5DDE2D6CF705}
		{CCF60BC4-C070-4431-A4C3-8BF75B4484C8} = {28E1D32F-9C0B-4E14-BA8C-5DDE2D6CF705}
		{226A0A4F-F995-47DF-9523-4AA153252C18} = {28E1D32F-9C0B-4E14-BA8C-5DDE2D6CF705}
		{5E8F0AFF-AE37-4876-AAC0-D1EC1C513069} = {44FBE7D5-1F28-49AF-ADA0-444188F92559}
		{BD356126-80A8-4BAE-805C-5F5F24485A8F} = {55A585FD-6B2B-42CD-83FC-44A8B0E1CC9B}
		{4995A042-5A56-4BA8-BDE8-A860C690DBF3} = {55A585FD-6B2B-42CD-83FC-44A8B0E1CC9B}
		{FC73C667-DBD3-4BC8-A18D-782CCE801AF1} = {55A585FD-6B2B-42CD-83FC-44A8B0E1CC9B}
		{861BF70E-F339-4C39-985F-7181BD967995} = {55A585FD-6B2B-42CD-83FC-44A8B0E1CC9B}
		{0EE4D2BC-6056-4AA2-9C8C-611283F4993A} = {55A585FD-6B2B-42CD-83FC-44A8B0E1CC9B}
	EndGlobalSection
	GlobalSection(ExtensibilityGlobals) = postSolution
		SolutionGuid = {7BF32FEB-5626-4DB5-A02F-E93BC73847BA}
	EndGlobalSection
EndGlobal
